
Microsoft Visual Studio Solution File, Format Version 12.00
# Visual Studio 14
VisualStudioVersion = 14.0.25420.1
MinimumVisualStudioVersion = 10.0.40219.1
Project("{FAE04EC0-301F-11D3-BF4B-00C04F79EFBC}") = "Continuation", "Continuation\Continuation.csproj", "{9171AFE4-F408-478C-95EF-E3B30B9E5280}"
EndProject
Project("{FAE04EC0-301F-11D3-BF4B-00C04F79EFBC}") = "Cancellation", "Cancellation\Cancellation.csproj", "{9806B326-02B7-4596-A1E6-12CBD28A8B4A}"
EndProject
Project("{FAE04EC0-301F-11D3-BF4B-00C04F79EFBC}") = "Composition", "Composition\Composition.csproj", "{8C1AFFCE-0227-42FF-AD90-7F676790AAE2}"
EndProject
Global
	GlobalSection(SolutionConfigurationPlatforms) = preSolution
		Debug|Any CPU = Debug|Any CPU
		Release|Any CPU = Release|Any CPU
	EndGlobalSection
	GlobalSection(ProjectConfigurationPlatforms) = postSolution
		{9171AFE4-F408-478C-95EF-E3B30B9E5280}.Debug|Any CPU.ActiveCfg = Debug|Any CPU
		{9171AFE4-F408-478C-95EF-E3B30B9E5280}.Debug|Any CPU.Build.0 = Debug|Any CPU
		{9171AFE4-F408-478C-95EF-E3B30B9E5280}.Release|Any CPU.ActiveCfg = Release|Any CPU
		{9171AFE4-F408-478C-95EF-E3B30B9E5280}.Release|Any CPU.Build.0 = Release|Any CPU
		{9806B326-02B7-4596-A1E6-12CBD28A8B4A}.Debug|Any CPU.ActiveCfg = Debug|Any CPU
		{9806B326-02B7-4596-A1E6-12CBD28A8B4A}.Debug|Any CPU.Build.0 = Debug|Any CPU
		{9806B326-02B7-4596-A1E6-12CBD28A8B4A}.Release|Any CPU.ActiveCfg = Release|Any CPU
		{9806B326-02B7-4596-A1E6-12CBD28A8B4A}.Release|Any CPU.Build.0 = Release|Any CPU
		{8C1AFFCE-0227-42FF-AD90-7F676790AAE2}.Debug|Any CPU.ActiveCfg = Debug|Any CPU
		{8C1AFFCE-0227-42FF-AD90-7F676790AAE2}.Debug|Any CPU.Build.0 = Debug|Any CPU
		{8C1AFFCE-0227-42FF-AD90-7F676790AAE2}.Release|Any CPU.ActiveCfg = Release|Any CPU
		{8C1AFFCE-0227-42FF-AD90-7F676790AAE2}.Release|Any CPU.Build.0 = Release|Any CPU
	EndGlobalSection
	GlobalSection(SolutionProperties) = preSolution
		HideSolutionNode = FALSE
	EndGlobalSection
EndGlobal
